
Microsoft Visual Studio Solution File, Format Version 12.00
# Visual Studio 15
VisualStudioVersion = 15.0.26124.0
MinimumVisualStudioVersion = 15.0.26124.0
Project("{9A19103F-16F7-4668-BE54-9A1E7A4F7556}") = "R5T.Marathon.Base.Construction", "R5T.Marathon.Base.Construction\R5T.Marathon.Base.Construction.csproj", "{61434481-637F-4C7C-841B-A7965BC4ECAC}"
EndProject
Project("{9A19103F-16F7-4668-BE54-9A1E7A4F7556}") = "R5T.Marathon.Base", "R5T.Marathon.Base\R5T.Marathon.Base.csproj", "{5C0B8393-6415-45B9-94EB-7C42377DD700}"
EndProject
Project("{2150E333-8FDC-42A3-9474-1A3956D46DE8}") = "_Dependencies", "_Dependencies", "{71455908-C1F8-48D1-A6DC-79F78BDA0401}"
EndProject
Project("{9A19103F-16F7-4668-BE54-9A1E7A4F7556}") = "R5T.Hostia", "..\..\R5T.Hostia\source\R5T.Hostia\R5T.Hostia.csproj", "{07C6A849-4014-4FF3-9863-1D255D22519F}"
EndProject
Global
	GlobalSection(SolutionConfigurationPlatforms) = preSolution
		Debug|Any CPU = Debug|Any CPU
		Debug|x64 = Debug|x64
		Debug|x86 = Debug|x86
		Release|Any CPU = Release|Any CPU
		Release|x64 = Release|x64
		Release|x86 = Release|x86
	EndGlobalSection
	GlobalSection(ProjectConfigurationPlatforms) = postSolution
		{61434481-637F-4C7C-841B-A7965BC4ECAC}.Debug|Any CPU.ActiveCfg = Debug|Any CPU
		{61434481-637F-4C7C-841B-A7965BC4ECAC}.Debug|Any CPU.Build.0 = Debug|Any CPU
		{61434481-637F-4C7C-841B-A7965BC4ECAC}.Debug|x64.ActiveCfg = Debug|Any CPU
		{61434481-637F-4C7C-841B-A7965BC4ECAC}.Debug|x64.Build.0 = Debug|Any CPU
		{61434481-637F-4C7C-841B-A7965BC4ECAC}.Debug|x86.ActiveCfg = Debug|Any CPU
		{61434481-637F-4C7C-841B-A7965BC4ECAC}.Debug|x86.Build.0 = Debug|Any CPU
		{61434481-637F-4C7C-841B-A7965BC4ECAC}.Release|Any CPU.ActiveCfg = Release|Any CPU
		{61434481-637F-4C7C-841B-A7965BC4ECAC}.Release|Any CPU.Build.0 = Release|Any CPU
		{61434481-637F-4C7C-841B-A7965BC4ECAC}.Release|x64.ActiveCfg = Release|Any CPU
		{61434481-637F-4C7C-841B-A7965BC4ECAC}.Release|x64.Build.0 = Release|Any CPU
		{61434481-637F-4C7C-841B-A7965BC4ECAC}.Release|x86.ActiveCfg = Release|Any CPU
		{61434481-637F-4C7C-841B-A7965BC4ECAC}.Release|x86.Build.0 = Release|Any CPU
		{5C0B8393-6415-45B9-94EB-7C42377DD700}.Debug|Any CPU.ActiveCfg = Debug|Any CPU
		{5C0B8393-6415-45B9-94EB-7C42377DD700}.Debug|Any CPU.Build.0 = Debug|Any CPU
		{5C0B8393-6415-45B9-94EB-7C42377DD700}.Debug|x64.ActiveCfg = Debug|Any CPU
		{5C0B8393-6415-45B9-94EB-7C42377DD700}.Debug|x64.Build.0 = Debug|Any CPU
		{5C0B8393-6415-45B9-94EB-7C42377DD700}.Debug|x86.ActiveCfg = Debug|Any CPU
		{5C0B8393-6415-45B9-94EB-7C42377DD700}.Debug|x86.Build.0 = Debug|Any CPU
		{5C0B8393-6415-45B9-94EB-7C42377DD700}.Release|Any CPU.ActiveCfg = Release|Any CPU
		{5C0B8393-6415-45B9-94EB-7C42377DD700}.Release|Any CPU.Build.0 = Release|Any CPU
		{5C0B8393-6415-45B9-94EB-7C42377DD700}.Release|x64.ActiveCfg = Release|Any CPU
		{5C0B8393-6415-45B9-94EB-7C42377DD700}.Release|x64.Build.0 = Release|Any CPU
		{5C0B8393-6415-45B9-94EB-7C42377DD700}.Release|x86.ActiveCfg = Release|Any CPU
		{5C0B8393-6415-45B9-94EB-7C42377DD700}.Release|x86.Build.0 = Release|Any CPU
		{07C6A849-4014-4FF3-9863-1D255D22519F}.Debug|Any CPU.ActiveCfg = Debug|Any CPU
		{07C6A849-4014-4FF3-9863-1D255D22519F}.Debug|Any CPU.Build.0 = Debug|Any CPU
		{07C6A849-4014-4FF3-9863-1D255D22519F}.Debug|x64.ActiveCfg = Debug|Any CPU
		{07C6A849-4014-4FF3-9863-1D255D22519F}.Debug|x64.Build.0 = Debug|Any CPU
		{07C6A849-4014-4FF3-9863-1D255D22519F}.Debug|x86.ActiveCfg = Debug|Any CPU
		{07C6A849-4014-4FF3-9863-1D255D22519F}.Debug|x86.Build.0 = Debug|Any CPU
		{07C6A849-4014-4FF3-9863-1D255D22519F}.Release|Any CPU.ActiveCfg = Release|Any CPU
		{07C6A849-4014-4FF3-9863-1D255D22519F}.Release|Any CPU.Build.0 = Release|Any CPU
		{07C6A849-4014-4FF3-9863-1D255D22519F}.Release|x64.ActiveCfg = Release|Any CPU
		{07C6A849-4014-4FF3-9863-1D255D22519F}.Release|x64.Build.0 = Release|Any CPU
		{07C6A849-4014-4FF3-9863-1D255D22519F}.Release|x86.ActiveCfg = Release|Any CPU
		{07C6A849-4014-4FF3-9863-1D255D22519F}.Release|x86.Build.0 = Release|Any CPU
	EndGlobalSection
	GlobalSection(SolutionProperties) = preSolution
		HideSolutionNode = FALSE
	EndGlobalSection
	GlobalSection(NestedProjects) = preSolution
		{07C6A849-4014-4FF3-9863-1D255D22519F} = {71455908-C1F8-48D1-A6DC-79F78BDA0401}
	EndGlobalSection
	GlobalSection(ExtensibilityGlobals) = postSolution
		SolutionGuid = {AB21DB67-35D1-429E-80FF-B20AED7CC71A}
	EndGlobalSection
EndGlobal
